{
  "name": "vyu",
  "version": "0.0.1alpha",
  "lockfileVersion": 1,
  "requires": true,
  "dependencies": {
    "domie": {
      "version": "0.0.3",
      "resolved": "https://registry.npmjs.org/domie/-/domie-0.0.3.tgz",
      "integrity": "sha1-3e1/6cFE9SfvVzzzrAxr3Y1AGnQ=",
      "dev": true
    }
  }
}
